
Microsoft Visual Studio Solution File, Format Version 12.00
# Visual Studio Version 17
VisualStudioVersion = 17.6.33723.286
MinimumVisualStudioVersion = 10.0.40219.1
Project("{888888A0-9F3D-457C-B088-3A5042F75D52}") = "InventariosWebApp", "InventariosWebApp\InventariosWebApp.pyproj", "{B1A24EC5-96BB-4AF4-ABE7-E5BCECB93086}"
EndProject
Global
	GlobalSection(SolutionConfigurationPlatforms) = preSolution
		Debug|Any CPU = Debug|Any CPU
		Release|Any CPU = Release|Any CPU
	EndGlobalSection
	GlobalSection(ProjectConfigurationPlatforms) = postSolution
		{B1A24EC5-96BB-4AF4-ABE7-E5BCECB93086}.Debug|Any CPU.ActiveCfg = Debug|Any CPU
		{B1A24EC5-96BB-4AF4-ABE7-E5BCECB93086}.Debug|Any CPU.Build.0 = Debug|Any CPU
		{B1A24EC5-96BB-4AF4-ABE7-E5BCECB93086}.Release|Any CPU.ActiveCfg = Release|Any CPU
		{B1A24EC5-96BB-4AF4-ABE7-E5BCECB93086}.Release|Any CPU.Build.0 = Release|Any CPU
	EndGlobalSection
	GlobalSection(SolutionProperties) = preSolution
		HideSolutionNode = FALSE
	EndGlobalSection
	GlobalSection(ExtensibilityGlobals) = postSolution
		SolutionGuid = {17A4EBAA-E446-46E8-9E16-5B6489DC04AA}
	EndGlobalSection
EndGlobal
